
Microsoft Visual Studio Solution File, Format Version 12.00
# Visual Studio 2013
VisualStudioVersion = 12.0.30723.0
MinimumVisualStudioVersion = 10.0.40219.1
Project("{FAE04EC0-301F-11D3-BF4B-00C04F79EFBC}") = "REx.Client", "sources\REx.Client\REx.Client.csproj", "{B9E81E61-132A-4BB1-94B2-C46A0306C4B8}"
EndProject
Project("{FAE04EC0-301F-11D3-BF4B-00C04F79EFBC}") = "REx.Client.Tests", "tests\REx.Client.Tests\REx.Client.Tests.csproj", "{38C8965B-FEFC-4BD1-B905-C36B6F01FC8B}"
EndProject
Project("{2150E333-8FDC-42A3-9474-1A3956D46DE8}") = ".nuget", ".nuget", "{9AF12D1E-6511-4326-91D2-1F4CD558B7F7}"
	ProjectSection(SolutionItems) = preProject
		.nuget\NuGet.Config = .nuget\NuGet.Config
		.nuget\NuGet.exe = .nuget\NuGet.exe
		.nuget\NuGet.targets = .nuget\NuGet.targets
	EndProjectSection
EndProject
Project("{2150E333-8FDC-42A3-9474-1A3956D46DE8}") = "Service", "Service", "{73EE8147-0D6A-46B9-97E1-C248847FC825}"
EndProject
Project("{2150E333-8FDC-42A3-9474-1A3956D46DE8}") = "Client", "Client", "{6E65332F-23C6-4819-AB0E-6A398C3F56D8}"
EndProject
Project("{2150E333-8FDC-42A3-9474-1A3956D46DE8}") = "Tests", "Tests", "{B739BFC7-7966-46A1-9BFF-F838465190A8}"
EndProject
Project("{2150E333-8FDC-42A3-9474-1A3956D46DE8}") = "Common", "Common", "{CA5AC7D3-714B-409B-8250-87960819382E}"
EndProject
Project("{FAE04EC0-301F-11D3-BF4B-00C04F79EFBC}") = "REx.Console", "sources\REx.Console\REx.Console.csproj", "{C2741B9D-9B9F-43C3-8461-576A77C87930}"
EndProject
Project("{FAE04EC0-301F-11D3-BF4B-00C04F79EFBC}") = "REx.Common", "sources\REx.Common\REx.Common.csproj", "{114A77C6-0474-4F68-8152-0ACF452EAAB0}"
EndProject
Project("{FAE04EC0-301F-11D3-BF4B-00C04F79EFBC}") = "REx.ServiceLibrary", "sources\REx.ServiceLibrary\REx.ServiceLibrary.csproj", "{A346CCF3-9D8B-4A66-A9EE-85C43A474103}"
EndProject
Project("{FAE04EC0-301F-11D3-BF4B-00C04F79EFBC}") = "REx.LauncherService", "sources\REx.LauncherService\REx.LauncherService.csproj", "{8EDD348D-84FB-4180-B439-2CBBA1074E83}"
EndProject
Project("{FAE04EC0-301F-11D3-BF4B-00C04F79EFBC}") = "REx.Server", "sources\REx.Server\REx.Server.csproj", "{14275523-D363-4037-ADBD-14F6AFF4A554}"
EndProject
Global
	GlobalSection(SolutionConfigurationPlatforms) = preSolution
		Debug|Any CPU = Debug|Any CPU
		Debug|x86 = Debug|x86
		Release|Any CPU = Release|Any CPU
		Release|x86 = Release|x86
	EndGlobalSection
	GlobalSection(ProjectConfigurationPlatforms) = postSolution
		{B9E81E61-132A-4BB1-94B2-C46A0306C4B8}.Debug|Any CPU.ActiveCfg = Debug|Any CPU
		{B9E81E61-132A-4BB1-94B2-C46A0306C4B8}.Debug|Any CPU.Build.0 = Debug|Any CPU
		{B9E81E61-132A-4BB1-94B2-C46A0306C4B8}.Debug|x86.ActiveCfg = Debug|Any CPU
		{B9E81E61-132A-4BB1-94B2-C46A0306C4B8}.Release|Any CPU.ActiveCfg = Release|Any CPU
		{B9E81E61-132A-4BB1-94B2-C46A0306C4B8}.Release|Any CPU.Build.0 = Release|Any CPU
		{B9E81E61-132A-4BB1-94B2-C46A0306C4B8}.Release|x86.ActiveCfg = Release|Any CPU
		{38C8965B-FEFC-4BD1-B905-C36B6F01FC8B}.Debug|Any CPU.ActiveCfg = Debug|Any CPU
		{38C8965B-FEFC-4BD1-B905-C36B6F01FC8B}.Debug|Any CPU.Build.0 = Debug|Any CPU
		{38C8965B-FEFC-4BD1-B905-C36B6F01FC8B}.Debug|x86.ActiveCfg = Debug|Any CPU
		{38C8965B-FEFC-4BD1-B905-C36B6F01FC8B}.Release|Any CPU.ActiveCfg = Release|Any CPU
		{38C8965B-FEFC-4BD1-B905-C36B6F01FC8B}.Release|Any CPU.Build.0 = Release|Any CPU
		{38C8965B-FEFC-4BD1-B905-C36B6F01FC8B}.Release|x86.ActiveCfg = Release|Any CPU
		{C2741B9D-9B9F-43C3-8461-576A77C87930}.Debug|Any CPU.ActiveCfg = Debug|Any CPU
		{C2741B9D-9B9F-43C3-8461-576A77C87930}.Debug|Any CPU.Build.0 = Debug|Any CPU
		{C2741B9D-9B9F-43C3-8461-576A77C87930}.Debug|x86.ActiveCfg = Debug|x86
		{C2741B9D-9B9F-43C3-8461-576A77C87930}.Debug|x86.Build.0 = Debug|x86
		{C2741B9D-9B9F-43C3-8461-576A77C87930}.Release|Any CPU.ActiveCfg = Release|Any CPU
		{C2741B9D-9B9F-43C3-8461-576A77C87930}.Release|Any CPU.Build.0 = Release|Any CPU
		{C2741B9D-9B9F-43C3-8461-576A77C87930}.Release|x86.ActiveCfg = Release|x86
		{C2741B9D-9B9F-43C3-8461-576A77C87930}.Release|x86.Build.0 = Release|x86
		{114A77C6-0474-4F68-8152-0ACF452EAAB0}.Debug|Any CPU.ActiveCfg = Debug|Any CPU
		{114A77C6-0474-4F68-8152-0ACF452EAAB0}.Debug|Any CPU.Build.0 = Debug|Any CPU
		{114A77C6-0474-4F68-8152-0ACF452EAAB0}.Debug|x86.ActiveCfg = Debug|Any CPU
		{114A77C6-0474-4F68-8152-0ACF452EAAB0}.Release|Any CPU.ActiveCfg = Release|Any CPU
		{114A77C6-0474-4F68-8152-0ACF452EAAB0}.Release|Any CPU.Build.0 = Release|Any CPU
		{114A77C6-0474-4F68-8152-0ACF452EAAB0}.Release|x86.ActiveCfg = Release|Any CPU
		{A346CCF3-9D8B-4A66-A9EE-85C43A474103}.Debug|Any CPU.ActiveCfg = Debug|Any CPU
		{A346CCF3-9D8B-4A66-A9EE-85C43A474103}.Debug|Any CPU.Build.0 = Debug|Any CPU
		{A346CCF3-9D8B-4A66-A9EE-85C43A474103}.Debug|x86.ActiveCfg = Debug|Any CPU
		{A346CCF3-9D8B-4A66-A9EE-85C43A474103}.Release|Any CPU.ActiveCfg = Release|Any CPU
		{A346CCF3-9D8B-4A66-A9EE-85C43A474103}.Release|Any CPU.Build.0 = Release|Any CPU
		{A346CCF3-9D8B-4A66-A9EE-85C43A474103}.Release|x86.ActiveCfg = Release|Any CPU
		{8EDD348D-84FB-4180-B439-2CBBA1074E83}.Debug|Any CPU.ActiveCfg = Debug|Any CPU
		{8EDD348D-84FB-4180-B439-2CBBA1074E83}.Debug|Any CPU.Build.0 = Debug|Any CPU
		{8EDD348D-84FB-4180-B439-2CBBA1074E83}.Debug|x86.ActiveCfg = Debug|x86
		{8EDD348D-84FB-4180-B439-2CBBA1074E83}.Debug|x86.Build.0 = Debug|x86
		{8EDD348D-84FB-4180-B439-2CBBA1074E83}.Release|Any CPU.ActiveCfg = Release|Any CPU
		{8EDD348D-84FB-4180-B439-2CBBA1074E83}.Release|Any CPU.Build.0 = Release|Any CPU
		{8EDD348D-84FB-4180-B439-2CBBA1074E83}.Release|x86.ActiveCfg = Release|x86
		{8EDD348D-84FB-4180-B439-2CBBA1074E83}.Release|x86.Build.0 = Release|x86
		{14275523-D363-4037-ADBD-14F6AFF4A554}.Debug|Any CPU.ActiveCfg = Debug|Any CPU
		{14275523-D363-4037-ADBD-14F6AFF4A554}.Debug|Any CPU.Build.0 = Debug|Any CPU
		{14275523-D363-4037-ADBD-14F6AFF4A554}.Debug|x86.ActiveCfg = Debug|x86
		{14275523-D363-4037-ADBD-14F6AFF4A554}.Debug|x86.Build.0 = Debug|x86
		{14275523-D363-4037-ADBD-14F6AFF4A554}.Release|Any CPU.ActiveCfg = Release|Any CPU
		{14275523-D363-4037-ADBD-14F6AFF4A554}.Release|Any CPU.Build.0 = Release|Any CPU
		{14275523-D363-4037-ADBD-14F6AFF4A554}.Release|x86.ActiveCfg = Release|x86
		{14275523-D363-4037-ADBD-14F6AFF4A554}.Release|x86.Build.0 = Release|x86
	EndGlobalSection
	GlobalSection(SolutionProperties) = preSolution
		HideSolutionNode = FALSE
	EndGlobalSection
	GlobalSection(NestedProjects) = preSolution
		{B9E81E61-132A-4BB1-94B2-C46A0306C4B8} = {6E65332F-23C6-4819-AB0E-6A398C3F56D8}
		{38C8965B-FEFC-4BD1-B905-C36B6F01FC8B} = {B739BFC7-7966-46A1-9BFF-F838465190A8}
		{C2741B9D-9B9F-43C3-8461-576A77C87930} = {6E65332F-23C6-4819-AB0E-6A398C3F56D8}
		{114A77C6-0474-4F68-8152-0ACF452EAAB0} = {CA5AC7D3-714B-409B-8250-87960819382E}
		{A346CCF3-9D8B-4A66-A9EE-85C43A474103} = {CA5AC7D3-714B-409B-8250-87960819382E}
		{8EDD348D-84FB-4180-B439-2CBBA1074E83} = {73EE8147-0D6A-46B9-97E1-C248847FC825}
		{14275523-D363-4037-ADBD-14F6AFF4A554} = {73EE8147-0D6A-46B9-97E1-C248847FC825}
	EndGlobalSection
EndGlobal
